{
  "name": "mini-blog",
  "version": "1.0.0",
  "lockfileVersion": 2,
  "requires": true,
  "packages": {
    "": {
      "name": "mini-blog",
      "version": "1.0.0",
      "license": "ISC",
      "dependencies": {
        "mp-html": "^2.5.1",
        "wxa-plugin-canvas": "^1.1.12"
      },
      "devDependencies": {}
    },
    "node_modules/mp-html": {
      "version": "2.5.1",
      "resolved": "https://registry.npmmirror.com/mp-html/-/mp-html-2.5.1.tgz",
      "integrity": "sha512-7BEH8dnQ89kOIyjdoYni8zcc0QAg+lgEWg0n9or9q2D4l26JNG+KPzHfttDyisC/5S7aPBblpXrFTYQv475w/Q=="
    },
    "node_modules/wxa-plugin-canvas": {
      "version": "1.1.12",
      "resolved": "https://registry.npmjs.org/wxa-plugin-canvas/-/wxa-plugin-canvas-1.1.12.tgz",
      "integrity": "sha512-iMmGFjXYminWm/yni0n/MprSUReAQpIL9LWLsJfr0Na/pt4Chzs2VbLsEtflZx11qtrDcfM7+1eCgj1ju6TN4w=="
    }
  },
  "dependencies": {
    "mp-html": {
      "version": "2.5.1",
      "resolved": "https://registry.npmmirror.com/mp-html/-/mp-html-2.5.1.tgz",
      "integrity": "sha512-7BEH8dnQ89kOIyjdoYni8zcc0QAg+lgEWg0n9or9q2D4l26JNG+KPzHfttDyisC/5S7aPBblpXrFTYQv475w/Q=="
    },
    "wxa-plugin-canvas": {
      "version": "1.1.12",
      "resolved": "https://registry.npmjs.org/wxa-plugin-canvas/-/wxa-plugin-canvas-1.1.12.tgz",
      "integrity": "sha512-iMmGFjXYminWm/yni0n/MprSUReAQpIL9LWLsJfr0Na/pt4Chzs2VbLsEtflZx11qtrDcfM7+1eCgj1ju6TN4w=="
    }
  }
}
